
Microsoft Visual Studio Solution File, Format Version 12.00
# Visual Studio Version 17
VisualStudioVersion = 17.14.36429.23
MinimumVisualStudioVersion = 10.0.40219.1
Project("{2150E333-8FDC-42A3-9474-1A3956D46DE8}") = "Task0", "Task0", "{02EA681E-C7D8-13C7-8484-4AC65E1B71E8}"
EndProject
Project("{FAE04EC0-301F-11D3-BF4B-00C04F79EFBC}") = "Tyuiu.VariiMN.Sprint2.Task0.V5", "Tyuiu.VariiMN.Sprint2.Task0.V5\Tyuiu.VariiMN.Sprint2.Task0.V5.csproj", "{034EE34D-2D96-4CD9-B260-86EE8BBE8FD0}"
EndProject
Project("{FAE04EC0-301F-11D3-BF4B-00C04F79EFBC}") = "Tyuiu.VariiMN.Sprint2.Task0.V5.Lib", "Tyuiu.VariiMN.Sprint2.Task0.V5.Lib\Tyuiu.VariiMN.Sprint2.Task0.V5.Lib.csproj", "{8F9F6FF3-52E3-424E-B34C-63F5FA007311}"
EndProject
Project("{FAE04EC0-301F-11D3-BF4B-00C04F79EFBC}") = "Tyuiu.VariiMN.Sprint2.Task0.V5.Test", "Tyuiu.VariiMN.Sprint2.Task0.V5.Test\Tyuiu.VariiMN.Sprint2.Task0.V5.Test.csproj", "{D4EEBBF8-25EF-40D5-9348-58CB85012D9D}"
EndProject
Project("{2150E333-8FDC-42A3-9474-1A3956D46DE8}") = "Task1", "Task1", "{FC3C304E-625F-4F46-A142-B7C05D53B3EB}"
EndProject
Project("{FAE04EC0-301F-11D3-BF4B-00C04F79EFBC}") = "Tyuiu.VariiMN.Sprint2.Task1.V1.Test", "Tyuiu.VariiMN.Sprint2.Task1.V1.Test\Tyuiu.VariiMN.Sprint2.Task1.V1.Test.csproj", "{075B6624-DCDD-463C-92A9-F653F569E002}"
EndProject
Project("{FAE04EC0-301F-11D3-BF4B-00C04F79EFBC}") = "Tyuiu.VariiMN.Sprint2.Task1.V1.Lib", "Tyuiu.VariiMN.Sprint2.Task1.V1.Lib\Tyuiu.VariiMN.Sprint2.Task1.V1.Lib.csproj", "{97620182-F861-453A-84CA-55290EA84408}"
EndProject
Project("{FAE04EC0-301F-11D3-BF4B-00C04F79EFBC}") = "Tyuiu.VariiMN.Sprint2.Task1.V1", "Tyuiu.VariiMN.Sprint2.Task1.V1\Tyuiu.VariiMN.Sprint2.Task1.V1.csproj", "{89761809-702C-408A-B9ED-B4C0CBA40E5F}"
EndProject
Project("{2150E333-8FDC-42A3-9474-1A3956D46DE8}") = "Task2", "Task2", "{3F9263DE-2F95-4E91-82CC-82D9FA320E19}"
EndProject
Project("{FAE04EC0-301F-11D3-BF4B-00C04F79EFBC}") = "Tyuiu.VariiMN.Sprint2.Task2.V10", "Tyuiu.VariiMN.Sprint2.Task2.V10\Tyuiu.VariiMN.Sprint2.Task2.V10.csproj", "{6073352B-A8CE-46CB-9DEA-BCD10F64FDA8}"
EndProject
Project("{FAE04EC0-301F-11D3-BF4B-00C04F79EFBC}") = "Tyuiu.VariiMN.Sprint2.Task2.V10.Lib", "Tyuiu.VariiMN.Sprint2.Task2.V10.Lib\Tyuiu.VariiMN.Sprint2.Task2.V10.Lib.csproj", "{7EEFE99D-DA6B-41C4-8A90-DC7A1B1F72C2}"
EndProject
Project("{FAE04EC0-301F-11D3-BF4B-00C04F79EFBC}") = "Tyuiu.VariiMN.Sprint2.Task2.V10.Test", "Tyuiu.VariiMN.Sprint2.Task2.V10.Test\Tyuiu.VariiMN.Sprint2.Task2.V10.Test.csproj", "{DC7F0EA9-3D10-4A4B-B241-C743E91653A6}"
EndProject
Global
	GlobalSection(SolutionConfigurationPlatforms) = preSolution
		Debug|Any CPU = Debug|Any CPU
		Release|Any CPU = Release|Any CPU
	EndGlobalSection
	GlobalSection(ProjectConfigurationPlatforms) = postSolution
		{034EE34D-2D96-4CD9-B260-86EE8BBE8FD0}.Debug|Any CPU.ActiveCfg = Debug|Any CPU
		{034EE34D-2D96-4CD9-B260-86EE8BBE8FD0}.Debug|Any CPU.Build.0 = Debug|Any CPU
		{034EE34D-2D96-4CD9-B260-86EE8BBE8FD0}.Release|Any CPU.ActiveCfg = Release|Any CPU
		{034EE34D-2D96-4CD9-B260-86EE8BBE8FD0}.Release|Any CPU.Build.0 = Release|Any CPU
		{8F9F6FF3-52E3-424E-B34C-63F5FA007311}.Debug|Any CPU.ActiveCfg = Debug|Any CPU
		{8F9F6FF3-52E3-424E-B34C-63F5FA007311}.Debug|Any CPU.Build.0 = Debug|Any CPU
		{8F9F6FF3-52E3-424E-B34C-63F5FA007311}.Release|Any CPU.ActiveCfg = Release|Any CPU
		{8F9F6FF3-52E3-424E-B34C-63F5FA007311}.Release|Any CPU.Build.0 = Release|Any CPU
		{D4EEBBF8-25EF-40D5-9348-58CB85012D9D}.Debug|Any CPU.ActiveCfg = Debug|Any CPU
		{D4EEBBF8-25EF-40D5-9348-58CB85012D9D}.Debug|Any CPU.Build.0 = Debug|Any CPU
		{D4EEBBF8-25EF-40D5-9348-58CB85012D9D}.Release|Any CPU.ActiveCfg = Release|Any CPU
		{D4EEBBF8-25EF-40D5-9348-58CB85012D9D}.Release|Any CPU.Build.0 = Release|Any CPU
		{075B6624-DCDD-463C-92A9-F653F569E002}.Debug|Any CPU.ActiveCfg = Debug|Any CPU
		{075B6624-DCDD-463C-92A9-F653F569E002}.Debug|Any CPU.Build.0 = Debug|Any CPU
		{075B6624-DCDD-463C-92A9-F653F569E002}.Release|Any CPU.ActiveCfg = Release|Any CPU
		{075B6624-DCDD-463C-92A9-F653F569E002}.Release|Any CPU.Build.0 = Release|Any CPU
		{97620182-F861-453A-84CA-55290EA84408}.Debug|Any CPU.ActiveCfg = Debug|Any CPU
		{97620182-F861-453A-84CA-55290EA84408}.Debug|Any CPU.Build.0 = Debug|Any CPU
		{97620182-F861-453A-84CA-55290EA84408}.Release|Any CPU.ActiveCfg = Release|Any CPU
		{97620182-F861-453A-84CA-55290EA84408}.Release|Any CPU.Build.0 = Release|Any CPU
		{89761809-702C-408A-B9ED-B4C0CBA40E5F}.Debug|Any CPU.ActiveCfg = Debug|Any CPU
		{89761809-702C-408A-B9ED-B4C0CBA40E5F}.Debug|Any CPU.Build.0 = Debug|Any CPU
		{89761809-702C-408A-B9ED-B4C0CBA40E5F}.Release|Any CPU.ActiveCfg = Release|Any CPU
		{89761809-702C-408A-B9ED-B4C0CBA40E5F}.Release|Any CPU.Build.0 = Release|Any CPU
		{6073352B-A8CE-46CB-9DEA-BCD10F64FDA8}.Debug|Any CPU.ActiveCfg = Debug|Any CPU
		{6073352B-A8CE-46CB-9DEA-BCD10F64FDA8}.Debug|Any CPU.Build.0 = Debug|Any CPU
		{6073352B-A8CE-46CB-9DEA-BCD10F64FDA8}.Release|Any CPU.ActiveCfg = Release|Any CPU
		{6073352B-A8CE-46CB-9DEA-BCD10F64FDA8}.Release|Any CPU.Build.0 = Release|Any CPU
		{7EEFE99D-DA6B-41C4-8A90-DC7A1B1F72C2}.Debug|Any CPU.ActiveCfg = Debug|Any CPU
		{7EEFE99D-DA6B-41C4-8A90-DC7A1B1F72C2}.Debug|Any CPU.Build.0 = Debug|Any CPU
		{7EEFE99D-DA6B-41C4-8A90-DC7A1B1F72C2}.Release|Any CPU.ActiveCfg = Release|Any CPU
		{7EEFE99D-DA6B-41C4-8A90-DC7A1B1F72C2}.Release|Any CPU.Build.0 = Release|Any CPU
		{DC7F0EA9-3D10-4A4B-B241-C743E91653A6}.Debug|Any CPU.ActiveCfg = Debug|Any CPU
		{DC7F0EA9-3D10-4A4B-B241-C743E91653A6}.Debug|Any CPU.Build.0 = Debug|Any CPU
		{DC7F0EA9-3D10-4A4B-B241-C743E91653A6}.Release|Any CPU.ActiveCfg = Release|Any CPU
		{DC7F0EA9-3D10-4A4B-B241-C743E91653A6}.Release|Any CPU.Build.0 = Release|Any CPU
	EndGlobalSection
	GlobalSection(SolutionProperties) = preSolution
		HideSolutionNode = FALSE
	EndGlobalSection
	GlobalSection(NestedProjects) = preSolution
		{034EE34D-2D96-4CD9-B260-86EE8BBE8FD0} = {02EA681E-C7D8-13C7-8484-4AC65E1B71E8}
		{8F9F6FF3-52E3-424E-B34C-63F5FA007311} = {02EA681E-C7D8-13C7-8484-4AC65E1B71E8}
		{D4EEBBF8-25EF-40D5-9348-58CB85012D9D} = {02EA681E-C7D8-13C7-8484-4AC65E1B71E8}
		{075B6624-DCDD-463C-92A9-F653F569E002} = {FC3C304E-625F-4F46-A142-B7C05D53B3EB}
		{97620182-F861-453A-84CA-55290EA84408} = {FC3C304E-625F-4F46-A142-B7C05D53B3EB}
		{89761809-702C-408A-B9ED-B4C0CBA40E5F} = {FC3C304E-625F-4F46-A142-B7C05D53B3EB}
		{6073352B-A8CE-46CB-9DEA-BCD10F64FDA8} = {3F9263DE-2F95-4E91-82CC-82D9FA320E19}
		{7EEFE99D-DA6B-41C4-8A90-DC7A1B1F72C2} = {3F9263DE-2F95-4E91-82CC-82D9FA320E19}
		{DC7F0EA9-3D10-4A4B-B241-C743E91653A6} = {3F9263DE-2F95-4E91-82CC-82D9FA320E19}
	EndGlobalSection
	GlobalSection(ExtensibilityGlobals) = postSolution
		SolutionGuid = {3249E644-0EE6-4205-B98D-D2BAB9CC4749}
	EndGlobalSection
EndGlobal
